
Microsoft Visual Studio Solution File, Format Version 12.00
# Visual Studio 15
VisualStudioVersion = 15.0.28307.168
MinimumVisualStudioVersion = 10.0.40219.1
Project("{FAE04EC0-301F-11D3-BF4B-00C04F79EFBC}") = "Class1", "Class1\Class1.csproj", "{2F311DF7-4DA9-4984-AC06-A6C75E90DFD7}"
EndProject
Project("{FAE04EC0-301F-11D3-BF4B-00C04F79EFBC}") = "Class2", "Class2\Class2.csproj", "{5DD1FFFA-588A-4406-BCF0-5E4B2DDB2BB0}"
EndProject
Global
	GlobalSection(SolutionConfigurationPlatforms) = preSolution
		Debug|Any CPU = Debug|Any CPU
		Release|Any CPU = Release|Any CPU
	EndGlobalSection
	GlobalSection(ProjectConfigurationPlatforms) = postSolution
		{2F311DF7-4DA9-4984-AC06-A6C75E90DFD7}.Debug|Any CPU.ActiveCfg = Debug|Any CPU
		{2F311DF7-4DA9-4984-AC06-A6C75E90DFD7}.Debug|Any CPU.Build.0 = Debug|Any CPU
		{2F311DF7-4DA9-4984-AC06-A6C75E90DFD7}.Release|Any CPU.ActiveCfg = Release|Any CPU
		{2F311DF7-4DA9-4984-AC06-A6C75E90DFD7}.Release|Any CPU.Build.0 = Release|Any CPU
		{5DD1FFFA-588A-4406-BCF0-5E4B2DDB2BB0}.Debug|Any CPU.ActiveCfg = Debug|Any CPU
		{5DD1FFFA-588A-4406-BCF0-5E4B2DDB2BB0}.Debug|Any CPU.Build.0 = Debug|Any CPU
		{5DD1FFFA-588A-4406-BCF0-5E4B2DDB2BB0}.Release|Any CPU.ActiveCfg = Release|Any CPU
		{5DD1FFFA-588A-4406-BCF0-5E4B2DDB2BB0}.Release|Any CPU.Build.0 = Release|Any CPU
	EndGlobalSection
	GlobalSection(SolutionProperties) = preSolution
		HideSolutionNode = FALSE
	EndGlobalSection
	GlobalSection(ExtensibilityGlobals) = postSolution
		SolutionGuid = {3D36B386-745C-4986-8FA3-567D7152A7A5}
	EndGlobalSection
EndGlobal
