
Microsoft Visual Studio Solution File, Format Version 12.00
# Visual Studio Version 16
VisualStudioVersion = 16.0.28803.202
MinimumVisualStudioVersion = 10.0.40219.1
Project("{9A19103F-16F7-4668-BE54-9A1E7A4F7556}") = "Class1", "Class1\Class1.csproj", "{2F311DF7-4DA9-4984-AC06-A6C75E90DFD7}"
EndProject
Project("{9A19103F-16F7-4668-BE54-9A1E7A4F7556}") = "Class2", "Class2\Class2.csproj", "{5DD1FFFA-588A-4406-BCF0-5E4B2DDB2BB0}"
EndProject
Project("{9A19103F-16F7-4668-BE54-9A1E7A4F7556}") = "Class3_Methods", "Class3_Methods\Class3_Methods.csproj", "{D0857A78-E074-4CEE-B1A5-90B8328E5748}"
EndProject
Project("{9A19103F-16F7-4668-BE54-9A1E7A4F7556}") = "Class4", "Class4\Class4.csproj", "{DEC476D4-8298-4BD8-91BB-21FC73438612}"
EndProject
Project("{9A19103F-16F7-4668-BE54-9A1E7A4F7556}") = "Class8", "Class8\Class8.csproj", "{71D235E5-DDF6-42EA-9118-0BBAFE03C166}"
EndProject
Project("{9A19103F-16F7-4668-BE54-9A1E7A4F7556}") = "Class9", "Class9\Class9.csproj", "{FFCB7E12-CCD4-4B9A-96C5-D5F6FC9FF911}"
EndProject
Project("{9A19103F-16F7-4668-BE54-9A1E7A4F7556}") = "Class14", "Class14\Class14.csproj", "{C4972828-9AC4-4A89-8971-FAB3C95F6866}"
EndProject
Project("{9A19103F-16F7-4668-BE54-9A1E7A4F7556}") = "Class15", "Class15\Class15.csproj", "{D409C63F-3929-4489-9AD7-CDC8E656596F}"
EndProject
Project("{9A19103F-16F7-4668-BE54-9A1E7A4F7556}") = "Class15.Files", "Class15.Files\Class15.Files.csproj", "{AF835131-3133-4DFB-A3D5-3388B1D2D151}"
EndProject
Project("{9A19103F-16F7-4668-BE54-9A1E7A4F7556}") = "Class15.Recapulation", "Class15.Recapulation\Class15.Recapulation.csproj", "{A682E92D-5944-45EE-AEEE-93B6B1919C1F}"
EndProject
Project("{9A19103F-16F7-4668-BE54-9A1E7A4F7556}") = "Class25", "Class25\Class25.csproj", "{AB9DE256-EBCF-4FB4-8494-E49D8B12C319}"
EndProject
Project("{9A19103F-16F7-4668-BE54-9A1E7A4F7556}") = "Class26", "Class26\Class26.csproj", "{BC57F8EB-CD7E-4EBC-9FF8-427F6568CDFA}"
EndProject
Project("{9A19103F-16F7-4668-BE54-9A1E7A4F7556}") = "Class27", "Class27\Class27.csproj", "{9CCFC7D4-FE4B-4D97-86FA-286485D56AD1}"
EndProject
Project("{9A19103F-16F7-4668-BE54-9A1E7A4F7556}") = "Class27.Tests", "Class27.Tests\Class27.Tests.csproj", "{B52EB3C9-7385-4332-9C1E-6150CD423B33}"
EndProject
Project("{9A19103F-16F7-4668-BE54-9A1E7A4F7556}") = "SomethingCool", "SomethingCool\SomethingCool.csproj", "{FB453237-9026-44AF-A8A0-737C03480A08}"
EndProject
Project("{9A19103F-16F7-4668-BE54-9A1E7A4F7556}") = "Class44", "Class44\Class44.csproj", "{5CB0F6DA-81BF-4EBA-9701-6463D1505DA5}"
EndProject
Project("{9A19103F-16F7-4668-BE54-9A1E7A4F7556}") = "Class47", "Class47\Class47.csproj", "{63E44014-9B99-4A3F-A43A-055DC87B893B}"
EndProject
Project("{9A19103F-16F7-4668-BE54-9A1E7A4F7556}") = "Class48", "Class48\Class48.csproj", "{59293551-148E-4BD9-A570-9DD37272162F}"
EndProject
Project("{9A19103F-16F7-4668-BE54-9A1E7A4F7556}") = "Class51", "Class51\Class51.csproj", "{81FAC382-0232-4C00-9EB2-E5923D5B94EA}"
EndProject
Project("{9A19103F-16F7-4668-BE54-9A1E7A4F7556}") = "Class51b", "Class51b\Class51b.csproj", "{5FA77675-AE5F-4DA5-AABC-735D6FD43582}"
EndProject
Project("{9A19103F-16F7-4668-BE54-9A1E7A4F7556}") = "Class51c", "Class51c\Class51c.csproj", "{00ED9DA8-1B57-4E4E-AE40-A9BBBA6C6931}"
EndProject
Project("{9A19103F-16F7-4668-BE54-9A1E7A4F7556}") = "Class52", "Class52\Class52.csproj", "{10327A76-597D-40AB-8082-8C9FB9D06ED4}"
EndProject
Project("{9A19103F-16F7-4668-BE54-9A1E7A4F7556}") = "Class53a", "Class53a\Class53a.csproj", "{85116463-4CD5-469C-A682-00D7B1B431DF}"
EndProject
Project("{9A19103F-16F7-4668-BE54-9A1E7A4F7556}") = "Class53b", "Class53b\Class53b.csproj", "{96558948-B9BC-4B48-B5BE-F0DF85002891}"
EndProject
Project("{9A19103F-16F7-4668-BE54-9A1E7A4F7556}") = "Class54a", "Class54a\Class54a.csproj", "{8BC87A35-F4A3-42D7-AE8B-9A54E8BF2AFC}"
EndProject
Project("{9A19103F-16F7-4668-BE54-9A1E7A4F7556}") = "Class54b", "Class54b\Class54b.csproj", "{9925E226-1D64-41A8-8F72-BF690D8306B8}"
EndProject
Project("{FAE04EC0-301F-11D3-BF4B-00C04F79EFBC}") = "Class58", "Class58\Class58.csproj", "{07D56B53-CA98-4EDF-81BA-5F1A196EB73C}"
EndProject
Global
	GlobalSection(SolutionConfigurationPlatforms) = preSolution
		Debug|Any CPU = Debug|Any CPU
		Release|Any CPU = Release|Any CPU
	EndGlobalSection
	GlobalSection(ProjectConfigurationPlatforms) = postSolution
		{2F311DF7-4DA9-4984-AC06-A6C75E90DFD7}.Debug|Any CPU.ActiveCfg = Debug|Any CPU
		{2F311DF7-4DA9-4984-AC06-A6C75E90DFD7}.Debug|Any CPU.Build.0 = Debug|Any CPU
		{2F311DF7-4DA9-4984-AC06-A6C75E90DFD7}.Release|Any CPU.ActiveCfg = Release|Any CPU
		{2F311DF7-4DA9-4984-AC06-A6C75E90DFD7}.Release|Any CPU.Build.0 = Release|Any CPU
		{5DD1FFFA-588A-4406-BCF0-5E4B2DDB2BB0}.Debug|Any CPU.ActiveCfg = Debug|Any CPU
		{5DD1FFFA-588A-4406-BCF0-5E4B2DDB2BB0}.Debug|Any CPU.Build.0 = Debug|Any CPU
		{5DD1FFFA-588A-4406-BCF0-5E4B2DDB2BB0}.Release|Any CPU.ActiveCfg = Release|Any CPU
		{5DD1FFFA-588A-4406-BCF0-5E4B2DDB2BB0}.Release|Any CPU.Build.0 = Release|Any CPU
		{D0857A78-E074-4CEE-B1A5-90B8328E5748}.Debug|Any CPU.ActiveCfg = Debug|Any CPU
		{D0857A78-E074-4CEE-B1A5-90B8328E5748}.Debug|Any CPU.Build.0 = Debug|Any CPU
		{D0857A78-E074-4CEE-B1A5-90B8328E5748}.Release|Any CPU.ActiveCfg = Release|Any CPU
		{D0857A78-E074-4CEE-B1A5-90B8328E5748}.Release|Any CPU.Build.0 = Release|Any CPU
		{DEC476D4-8298-4BD8-91BB-21FC73438612}.Debug|Any CPU.ActiveCfg = Debug|Any CPU
		{DEC476D4-8298-4BD8-91BB-21FC73438612}.Debug|Any CPU.Build.0 = Debug|Any CPU
		{DEC476D4-8298-4BD8-91BB-21FC73438612}.Release|Any CPU.ActiveCfg = Release|Any CPU
		{DEC476D4-8298-4BD8-91BB-21FC73438612}.Release|Any CPU.Build.0 = Release|Any CPU
		{71D235E5-DDF6-42EA-9118-0BBAFE03C166}.Debug|Any CPU.ActiveCfg = Debug|Any CPU
		{71D235E5-DDF6-42EA-9118-0BBAFE03C166}.Debug|Any CPU.Build.0 = Debug|Any CPU
		{71D235E5-DDF6-42EA-9118-0BBAFE03C166}.Release|Any CPU.ActiveCfg = Release|Any CPU
		{71D235E5-DDF6-42EA-9118-0BBAFE03C166}.Release|Any CPU.Build.0 = Release|Any CPU
		{FFCB7E12-CCD4-4B9A-96C5-D5F6FC9FF911}.Debug|Any CPU.ActiveCfg = Debug|Any CPU
		{FFCB7E12-CCD4-4B9A-96C5-D5F6FC9FF911}.Debug|Any CPU.Build.0 = Debug|Any CPU
		{FFCB7E12-CCD4-4B9A-96C5-D5F6FC9FF911}.Release|Any CPU.ActiveCfg = Release|Any CPU
		{FFCB7E12-CCD4-4B9A-96C5-D5F6FC9FF911}.Release|Any CPU.Build.0 = Release|Any CPU
		{C4972828-9AC4-4A89-8971-FAB3C95F6866}.Debug|Any CPU.ActiveCfg = Debug|Any CPU
		{C4972828-9AC4-4A89-8971-FAB3C95F6866}.Debug|Any CPU.Build.0 = Debug|Any CPU
		{C4972828-9AC4-4A89-8971-FAB3C95F6866}.Release|Any CPU.ActiveCfg = Release|Any CPU
		{C4972828-9AC4-4A89-8971-FAB3C95F6866}.Release|Any CPU.Build.0 = Release|Any CPU
		{D409C63F-3929-4489-9AD7-CDC8E656596F}.Debug|Any CPU.ActiveCfg = Debug|Any CPU
		{D409C63F-3929-4489-9AD7-CDC8E656596F}.Debug|Any CPU.Build.0 = Debug|Any CPU
		{D409C63F-3929-4489-9AD7-CDC8E656596F}.Release|Any CPU.ActiveCfg = Release|Any CPU
		{D409C63F-3929-4489-9AD7-CDC8E656596F}.Release|Any CPU.Build.0 = Release|Any CPU
		{AF835131-3133-4DFB-A3D5-3388B1D2D151}.Debug|Any CPU.ActiveCfg = Debug|Any CPU
		{AF835131-3133-4DFB-A3D5-3388B1D2D151}.Debug|Any CPU.Build.0 = Debug|Any CPU
		{AF835131-3133-4DFB-A3D5-3388B1D2D151}.Release|Any CPU.ActiveCfg = Release|Any CPU
		{AF835131-3133-4DFB-A3D5-3388B1D2D151}.Release|Any CPU.Build.0 = Release|Any CPU
		{A682E92D-5944-45EE-AEEE-93B6B1919C1F}.Debug|Any CPU.ActiveCfg = Debug|Any CPU
		{A682E92D-5944-45EE-AEEE-93B6B1919C1F}.Debug|Any CPU.Build.0 = Debug|Any CPU
		{A682E92D-5944-45EE-AEEE-93B6B1919C1F}.Release|Any CPU.ActiveCfg = Release|Any CPU
		{A682E92D-5944-45EE-AEEE-93B6B1919C1F}.Release|Any CPU.Build.0 = Release|Any CPU
		{AB9DE256-EBCF-4FB4-8494-E49D8B12C319}.Debug|Any CPU.ActiveCfg = Debug|Any CPU
		{AB9DE256-EBCF-4FB4-8494-E49D8B12C319}.Debug|Any CPU.Build.0 = Debug|Any CPU
		{AB9DE256-EBCF-4FB4-8494-E49D8B12C319}.Release|Any CPU.ActiveCfg = Release|Any CPU
		{AB9DE256-EBCF-4FB4-8494-E49D8B12C319}.Release|Any CPU.Build.0 = Release|Any CPU
		{BC57F8EB-CD7E-4EBC-9FF8-427F6568CDFA}.Debug|Any CPU.ActiveCfg = Debug|Any CPU
		{BC57F8EB-CD7E-4EBC-9FF8-427F6568CDFA}.Debug|Any CPU.Build.0 = Debug|Any CPU
		{BC57F8EB-CD7E-4EBC-9FF8-427F6568CDFA}.Release|Any CPU.ActiveCfg = Release|Any CPU
		{BC57F8EB-CD7E-4EBC-9FF8-427F6568CDFA}.Release|Any CPU.Build.0 = Release|Any CPU
		{9CCFC7D4-FE4B-4D97-86FA-286485D56AD1}.Debug|Any CPU.ActiveCfg = Debug|Any CPU
		{9CCFC7D4-FE4B-4D97-86FA-286485D56AD1}.Debug|Any CPU.Build.0 = Debug|Any CPU
		{9CCFC7D4-FE4B-4D97-86FA-286485D56AD1}.Release|Any CPU.ActiveCfg = Release|Any CPU
		{9CCFC7D4-FE4B-4D97-86FA-286485D56AD1}.Release|Any CPU.Build.0 = Release|Any CPU
		{B52EB3C9-7385-4332-9C1E-6150CD423B33}.Debug|Any CPU.ActiveCfg = Debug|Any CPU
		{B52EB3C9-7385-4332-9C1E-6150CD423B33}.Debug|Any CPU.Build.0 = Debug|Any CPU
		{B52EB3C9-7385-4332-9C1E-6150CD423B33}.Release|Any CPU.ActiveCfg = Release|Any CPU
		{B52EB3C9-7385-4332-9C1E-6150CD423B33}.Release|Any CPU.Build.0 = Release|Any CPU
		{FB453237-9026-44AF-A8A0-737C03480A08}.Debug|Any CPU.ActiveCfg = Debug|Any CPU
		{FB453237-9026-44AF-A8A0-737C03480A08}.Debug|Any CPU.Build.0 = Debug|Any CPU
		{FB453237-9026-44AF-A8A0-737C03480A08}.Release|Any CPU.ActiveCfg = Release|Any CPU
		{FB453237-9026-44AF-A8A0-737C03480A08}.Release|Any CPU.Build.0 = Release|Any CPU
		{5CB0F6DA-81BF-4EBA-9701-6463D1505DA5}.Debug|Any CPU.ActiveCfg = Debug|Any CPU
		{5CB0F6DA-81BF-4EBA-9701-6463D1505DA5}.Debug|Any CPU.Build.0 = Debug|Any CPU
		{5CB0F6DA-81BF-4EBA-9701-6463D1505DA5}.Release|Any CPU.ActiveCfg = Release|Any CPU
		{5CB0F6DA-81BF-4EBA-9701-6463D1505DA5}.Release|Any CPU.Build.0 = Release|Any CPU
		{63E44014-9B99-4A3F-A43A-055DC87B893B}.Debug|Any CPU.ActiveCfg = Debug|Any CPU
		{63E44014-9B99-4A3F-A43A-055DC87B893B}.Debug|Any CPU.Build.0 = Debug|Any CPU
		{63E44014-9B99-4A3F-A43A-055DC87B893B}.Release|Any CPU.ActiveCfg = Release|Any CPU
		{63E44014-9B99-4A3F-A43A-055DC87B893B}.Release|Any CPU.Build.0 = Release|Any CPU
		{59293551-148E-4BD9-A570-9DD37272162F}.Debug|Any CPU.ActiveCfg = Debug|Any CPU
		{59293551-148E-4BD9-A570-9DD37272162F}.Debug|Any CPU.Build.0 = Debug|Any CPU
		{59293551-148E-4BD9-A570-9DD37272162F}.Release|Any CPU.ActiveCfg = Release|Any CPU
		{59293551-148E-4BD9-A570-9DD37272162F}.Release|Any CPU.Build.0 = Release|Any CPU
		{81FAC382-0232-4C00-9EB2-E5923D5B94EA}.Debug|Any CPU.ActiveCfg = Debug|Any CPU
		{81FAC382-0232-4C00-9EB2-E5923D5B94EA}.Debug|Any CPU.Build.0 = Debug|Any CPU
		{81FAC382-0232-4C00-9EB2-E5923D5B94EA}.Release|Any CPU.ActiveCfg = Release|Any CPU
		{81FAC382-0232-4C00-9EB2-E5923D5B94EA}.Release|Any CPU.Build.0 = Release|Any CPU
		{5FA77675-AE5F-4DA5-AABC-735D6FD43582}.Debug|Any CPU.ActiveCfg = Debug|Any CPU
		{5FA77675-AE5F-4DA5-AABC-735D6FD43582}.Debug|Any CPU.Build.0 = Debug|Any CPU
		{5FA77675-AE5F-4DA5-AABC-735D6FD43582}.Release|Any CPU.ActiveCfg = Release|Any CPU
		{5FA77675-AE5F-4DA5-AABC-735D6FD43582}.Release|Any CPU.Build.0 = Release|Any CPU
		{00ED9DA8-1B57-4E4E-AE40-A9BBBA6C6931}.Debug|Any CPU.ActiveCfg = Debug|Any CPU
		{00ED9DA8-1B57-4E4E-AE40-A9BBBA6C6931}.Debug|Any CPU.Build.0 = Debug|Any CPU
		{00ED9DA8-1B57-4E4E-AE40-A9BBBA6C6931}.Release|Any CPU.ActiveCfg = Release|Any CPU
		{00ED9DA8-1B57-4E4E-AE40-A9BBBA6C6931}.Release|Any CPU.Build.0 = Release|Any CPU
		{10327A76-597D-40AB-8082-8C9FB9D06ED4}.Debug|Any CPU.ActiveCfg = Debug|Any CPU
		{10327A76-597D-40AB-8082-8C9FB9D06ED4}.Debug|Any CPU.Build.0 = Debug|Any CPU
		{10327A76-597D-40AB-8082-8C9FB9D06ED4}.Release|Any CPU.ActiveCfg = Release|Any CPU
		{10327A76-597D-40AB-8082-8C9FB9D06ED4}.Release|Any CPU.Build.0 = Release|Any CPU
		{85116463-4CD5-469C-A682-00D7B1B431DF}.Debug|Any CPU.ActiveCfg = Debug|Any CPU
		{85116463-4CD5-469C-A682-00D7B1B431DF}.Debug|Any CPU.Build.0 = Debug|Any CPU
		{85116463-4CD5-469C-A682-00D7B1B431DF}.Release|Any CPU.ActiveCfg = Release|Any CPU
		{85116463-4CD5-469C-A682-00D7B1B431DF}.Release|Any CPU.Build.0 = Release|Any CPU
		{96558948-B9BC-4B48-B5BE-F0DF85002891}.Debug|Any CPU.ActiveCfg = Debug|Any CPU
		{96558948-B9BC-4B48-B5BE-F0DF85002891}.Debug|Any CPU.Build.0 = Debug|Any CPU
		{96558948-B9BC-4B48-B5BE-F0DF85002891}.Release|Any CPU.ActiveCfg = Release|Any CPU
		{96558948-B9BC-4B48-B5BE-F0DF85002891}.Release|Any CPU.Build.0 = Release|Any CPU
		{8BC87A35-F4A3-42D7-AE8B-9A54E8BF2AFC}.Debug|Any CPU.ActiveCfg = Debug|Any CPU
		{8BC87A35-F4A3-42D7-AE8B-9A54E8BF2AFC}.Debug|Any CPU.Build.0 = Debug|Any CPU
		{8BC87A35-F4A3-42D7-AE8B-9A54E8BF2AFC}.Release|Any CPU.ActiveCfg = Release|Any CPU
		{8BC87A35-F4A3-42D7-AE8B-9A54E8BF2AFC}.Release|Any CPU.Build.0 = Release|Any CPU
		{9925E226-1D64-41A8-8F72-BF690D8306B8}.Debug|Any CPU.ActiveCfg = Debug|Any CPU
		{9925E226-1D64-41A8-8F72-BF690D8306B8}.Debug|Any CPU.Build.0 = Debug|Any CPU
		{9925E226-1D64-41A8-8F72-BF690D8306B8}.Release|Any CPU.ActiveCfg = Release|Any CPU
		{9925E226-1D64-41A8-8F72-BF690D8306B8}.Release|Any CPU.Build.0 = Release|Any CPU
		{07D56B53-CA98-4EDF-81BA-5F1A196EB73C}.Debug|Any CPU.ActiveCfg = Debug|Any CPU
		{07D56B53-CA98-4EDF-81BA-5F1A196EB73C}.Debug|Any CPU.Build.0 = Debug|Any CPU
		{07D56B53-CA98-4EDF-81BA-5F1A196EB73C}.Release|Any CPU.ActiveCfg = Release|Any CPU
		{07D56B53-CA98-4EDF-81BA-5F1A196EB73C}.Release|Any CPU.Build.0 = Release|Any CPU
	EndGlobalSection
	GlobalSection(SolutionProperties) = preSolution
		HideSolutionNode = FALSE
	EndGlobalSection
	GlobalSection(ExtensibilityGlobals) = postSolution
		SolutionGuid = {3D36B386-745C-4986-8FA3-567D7152A7A5}
	EndGlobalSection
EndGlobal
